
Microsoft Visual Studio Solution File, Format Version 12.00
# Visual Studio Version 17
VisualStudioVersion = 17.13.35931.197 d17.13
MinimumVisualStudioVersion = 10.0.40219.1
Project("{FAE04EC0-301F-11D3-BF4B-00C04F79EFBC}") = "ACTPhotoIDViewer", "ACTPhotoIDViewer\ACTPhotoIDViewer.csproj", "{CC01B6A8-9F83-406F-AE62-67A12B19E004}"
EndProject
Global
	GlobalSection(SolutionConfigurationPlatforms) = preSolution
		Debug|Any CPU = Debug|Any CPU
		Release|Any CPU = Release|Any CPU
	EndGlobalSection
	GlobalSection(ProjectConfigurationPlatforms) = postSolution
		{CC01B6A8-9F83-406F-AE62-67A12B19E004}.Debug|Any CPU.ActiveCfg = Debug|Any CPU
		{CC01B6A8-9F83-406F-AE62-67A12B19E004}.Debug|Any CPU.Build.0 = Debug|Any CPU
		{CC01B6A8-9F83-406F-AE62-67A12B19E004}.Release|Any CPU.ActiveCfg = Release|Any CPU
		{CC01B6A8-9F83-406F-AE62-67A12B19E004}.Release|Any CPU.Build.0 = Release|Any CPU
	EndGlobalSection
	GlobalSection(SolutionProperties) = preSolution
		HideSolutionNode = FALSE
	EndGlobalSection
	GlobalSection(ExtensibilityGlobals) = postSolution
		SolutionGuid = {C1D74B29-ACB4-4EE3-9A08-5A58C676062D}
	EndGlobalSection
EndGlobal
